
Microsoft Visual Studio Solution File, Format Version 12.00
# Visual Studio Version 17
VisualStudioVersion = 17.13.35931.197
MinimumVisualStudioVersion = 10.0.40219.1
Project("{FAE04EC0-301F-11D3-BF4B-00C04F79EFBC}") = "Insania.Shared.Contracts", "Insania.Shared.Contracts\Insania.Shared.Contracts.csproj", "{59AF2DDD-88B0-4EF7-AABD-23CE03A42F46}"
EndProject
Project("{FAE04EC0-301F-11D3-BF4B-00C04F79EFBC}") = "Insania.Shared.Services", "Insania.Shared.Services\Insania.Shared.Services.csproj", "{1CF74FC2-8834-4F67-AFC5-A3CAB686785A}"
EndProject
Project("{FAE04EC0-301F-11D3-BF4B-00C04F79EFBC}") = "Insania.Shared.Tests", "Insania.Shared.Tests\Insania.Shared.Tests.csproj", "{B8F25FBC-D0DC-4234-8C41-C3D2950DAEFE}"
EndProject
Project("{FAE04EC0-301F-11D3-BF4B-00C04F79EFBC}") = "Insania.Shared.Messages", "Insania.Shared.Messages\Insania.Shared.Messages.csproj", "{3BAA4FE3-A1A5-4FF7-827E-E4526C3D32CC}"
EndProject
Project("{FAE04EC0-301F-11D3-BF4B-00C04F79EFBC}") = "Insania.Shared.Entities", "Insania.Shared.Entities\Insania.Shared.Entities.csproj", "{4B3D3837-99CB-4F3F-958C-DE0A94151318}"
EndProject
Project("{FAE04EC0-301F-11D3-BF4B-00C04F79EFBC}") = "Insania.Shared.Models", "Insania.Shared.Models\Insania.Shared.Models.csproj", "{B6B5D14F-DF56-4E08-BB5C-B3A6FA9298DC}"
EndProject
Project("{FAE04EC0-301F-11D3-BF4B-00C04F79EFBC}") = "Insania.Shared.Middleware", "Insania.Shared.Middleware\Insania.Shared.Middleware.csproj", "{AAD30036-36AB-4BE5-A68B-8933EFC34011}"
EndProject
Global
	GlobalSection(SolutionConfigurationPlatforms) = preSolution
		Debug|Any CPU = Debug|Any CPU
		Release|Any CPU = Release|Any CPU
	EndGlobalSection
	GlobalSection(ProjectConfigurationPlatforms) = postSolution
		{59AF2DDD-88B0-4EF7-AABD-23CE03A42F46}.Debug|Any CPU.ActiveCfg = Debug|Any CPU
		{59AF2DDD-88B0-4EF7-AABD-23CE03A42F46}.Debug|Any CPU.Build.0 = Debug|Any CPU
		{59AF2DDD-88B0-4EF7-AABD-23CE03A42F46}.Release|Any CPU.ActiveCfg = Release|Any CPU
		{59AF2DDD-88B0-4EF7-AABD-23CE03A42F46}.Release|Any CPU.Build.0 = Release|Any CPU
		{1CF74FC2-8834-4F67-AFC5-A3CAB686785A}.Debug|Any CPU.ActiveCfg = Debug|Any CPU
		{1CF74FC2-8834-4F67-AFC5-A3CAB686785A}.Debug|Any CPU.Build.0 = Debug|Any CPU
		{1CF74FC2-8834-4F67-AFC5-A3CAB686785A}.Release|Any CPU.ActiveCfg = Release|Any CPU
		{1CF74FC2-8834-4F67-AFC5-A3CAB686785A}.Release|Any CPU.Build.0 = Release|Any CPU
		{B8F25FBC-D0DC-4234-8C41-C3D2950DAEFE}.Debug|Any CPU.ActiveCfg = Debug|Any CPU
		{B8F25FBC-D0DC-4234-8C41-C3D2950DAEFE}.Debug|Any CPU.Build.0 = Debug|Any CPU
		{B8F25FBC-D0DC-4234-8C41-C3D2950DAEFE}.Release|Any CPU.ActiveCfg = Release|Any CPU
		{B8F25FBC-D0DC-4234-8C41-C3D2950DAEFE}.Release|Any CPU.Build.0 = Release|Any CPU
		{3BAA4FE3-A1A5-4FF7-827E-E4526C3D32CC}.Debug|Any CPU.ActiveCfg = Debug|Any CPU
		{3BAA4FE3-A1A5-4FF7-827E-E4526C3D32CC}.Debug|Any CPU.Build.0 = Debug|Any CPU
		{3BAA4FE3-A1A5-4FF7-827E-E4526C3D32CC}.Release|Any CPU.ActiveCfg = Release|Any CPU
		{3BAA4FE3-A1A5-4FF7-827E-E4526C3D32CC}.Release|Any CPU.Build.0 = Release|Any CPU
		{4B3D3837-99CB-4F3F-958C-DE0A94151318}.Debug|Any CPU.ActiveCfg = Debug|Any CPU
		{4B3D3837-99CB-4F3F-958C-DE0A94151318}.Debug|Any CPU.Build.0 = Debug|Any CPU
		{4B3D3837-99CB-4F3F-958C-DE0A94151318}.Release|Any CPU.ActiveCfg = Release|Any CPU
		{4B3D3837-99CB-4F3F-958C-DE0A94151318}.Release|Any CPU.Build.0 = Release|Any CPU
		{B6B5D14F-DF56-4E08-BB5C-B3A6FA9298DC}.Debug|Any CPU.ActiveCfg = Debug|Any CPU
		{B6B5D14F-DF56-4E08-BB5C-B3A6FA9298DC}.Debug|Any CPU.Build.0 = Debug|Any CPU
		{B6B5D14F-DF56-4E08-BB5C-B3A6FA9298DC}.Release|Any CPU.ActiveCfg = Release|Any CPU
		{B6B5D14F-DF56-4E08-BB5C-B3A6FA9298DC}.Release|Any CPU.Build.0 = Release|Any CPU
		{AAD30036-36AB-4BE5-A68B-8933EFC34011}.Debug|Any CPU.ActiveCfg = Debug|Any CPU
		{AAD30036-36AB-4BE5-A68B-8933EFC34011}.Debug|Any CPU.Build.0 = Debug|Any CPU
		{AAD30036-36AB-4BE5-A68B-8933EFC34011}.Release|Any CPU.ActiveCfg = Release|Any CPU
		{AAD30036-36AB-4BE5-A68B-8933EFC34011}.Release|Any CPU.Build.0 = Release|Any CPU
	EndGlobalSection
	GlobalSection(SolutionProperties) = preSolution
		HideSolutionNode = FALSE
	EndGlobalSection
	GlobalSection(ExtensibilityGlobals) = postSolution
		SolutionGuid = {4FDB89B3-A709-4EBC-834A-E46C11349E4F}
	EndGlobalSection
EndGlobal
